{
  "lockfileVersion": 1,
  "configVersion": 0,
  "workspaces": {
    "": {
      "dependencies": {
        "@alpinejs/persist": "^3.15.4",
        "alpinejs": "^3.15.4",
      },
      "devDependencies": {
        "@mancuoj/prettier-config": "^0.5.4",
        "prettier": "^3.8.0",
      },
    },
  },
  "packages": {
    "@alpinejs/persist": ["@alpinejs/persist@3.15.4", "", {}, "sha512-PdSpPTh8sUN8a3S2BoJWpXbod68RqjuW9QGtDp0LJclAFERVjLLx2K5YzQSSg5IDQJV9OMiknSpzcEYeZPwLNw=="],

    "@antfu/install-pkg": ["@antfu/install-pkg@1.1.0", "", { "dependencies": { "package-manager-detector": "^1.3.0", "tinyexec": "^1.0.1" } }, "sha512-MGQsmw10ZyI+EJo45CdSER4zEb+p31LpDAFp2Z3gkSd1yqVZGi0Ebx++YTEMonJy4oChEMLsxZ64j8FH6sSqtQ=="],

    "@emnapi/core": ["@emnapi/core@1.7.1", "", { "dependencies": { "@emnapi/wasi-threads": "1.1.0", "tslib": "^2.4.0" } }, "sha512-o1uhUASyo921r2XtHYOHy7gdkGLge8ghBEQHMWmyJFoXlpU58kIrhhN3w26lpQb6dspetweapMn2CSNwQ8I4wg=="],

    "@emnapi/runtime": ["@emnapi/runtime@1.7.1", "", { "dependencies": { "tslib": "^2.4.0" } }, "sha512-PVtJr5CmLwYAU9PZDMITZoR5iAOShYREoR45EyyLrbntV50mdePTgUn4AmOw90Ifcj+x2kRjdzr1HP3RrNiHGA=="],

    "@emnapi/wasi-threads": ["@emnapi/wasi-threads@1.1.0", "", { "dependencies": { "tslib": "^2.4.0" } }, "sha512-WI0DdZ8xFSbgMjR1sFsKABJ/C5OnRrjT06JXbZKexJGrDuPTzZdDYfFlsgcCXCyf+suG5QU2e/y1Wo2V/OapLQ=="],

    "@mancuoj/prettier-config": ["@mancuoj/prettier-config@0.5.4", "", { "dependencies": { "@antfu/install-pkg": "^1.1.0", "@prettier/plugin-oxc": "^0.1.3", "local-pkg": "^1.1.2", "picocolors": "^1.1.1" }, "bin": { "prettier-config": "cli.js" } }, "sha512-pVbmVR1694G4qBIoP+s2UsyOhvr0xs8jXveh/ic4Tmx+O7UmA4bND6MLjpiCqxRQJ6vIBI+pxAjTR4T2yKoCmQ=="],

    "@napi-rs/wasm-runtime": ["@napi-rs/wasm-runtime@1.1.0", "", { "dependencies": { "@emnapi/core": "^1.7.1", "@emnapi/runtime": "^1.7.1", "@tybys/wasm-util": "^0.10.1" } }, "sha512-Fq6DJW+Bb5jaWE69/qOE0D1TUN9+6uWhCeZpdnSBk14pjLcCWR7Q8n49PTSPHazM37JqrsdpEthXy2xn6jWWiA=="],

    "@oxc-parser/binding-android-arm64": ["@oxc-parser/binding-android-arm64@0.99.0", "", { "os": "android", "cpu": "arm64" }, "sha512-V4jhmKXgQQdRnm73F+r3ZY4pUEsijQeSraFeaCGng7abSNJGs76X6l82wHnmjLGFAeY00LWtjcELs7ZmbJ9+lA=="],

    "@oxc-parser/binding-darwin-arm64": ["@oxc-parser/binding-darwin-arm64@0.99.0", "", { "os": "darwin", "cpu": "arm64" }, "sha512-Rp41nf9zD5FyLZciS9l1GfK8PhYqrD5kEGxyTOA2esTLeAy37rZxetG2E3xteEolAkeb2WDkVrlxPtibeAncMg=="],

    "@oxc-parser/binding-darwin-x64": ["@oxc-parser/binding-darwin-x64@0.99.0", "", { "os": "darwin", "cpu": "x64" }, "sha512-WVonp40fPPxo5Gs0POTI57iEFv485TvNKOHMwZRhigwZRhZY2accEAkYIhei9eswF4HN5B44Wybkz7Gd1Qr/5Q=="],

    "@oxc-parser/binding-freebsd-x64": ["@oxc-parser/binding-freebsd-x64@0.99.0", "", { "os": "freebsd", "cpu": "x64" }, "sha512-H30bjOOttPmG54gAqu6+HzbLEzuNOYO2jZYrIq4At+NtLJwvNhXz28Hf5iEAFZIH/4hMpLkM4VN7uc+5UlNW3Q=="],

    "@oxc-parser/binding-linux-arm-gnueabihf": ["@oxc-parser/binding-linux-arm-gnueabihf@0.99.0", "", { "os": "linux", "cpu": "arm" }, "sha512-0Z/Th0SYqzSRDPs6tk5lQdW0i73UCupnim3dgq2oW0//UdLonV/5wIZCArfKGC7w9y4h8TxgXpgtIyD1kKzzlQ=="],

    "@oxc-parser/binding-linux-arm-musleabihf": ["@oxc-parser/binding-linux-arm-musleabihf@0.99.0", "", { "os": "linux", "cpu": "arm" }, "sha512-xo0wqNd5bpbzQVNpAIFbHk1xa+SaS/FGBABCd942SRTnrpxl6GeDj/s1BFaGcTl8MlwlKVMwOcyKrw/2Kdfquw=="],

    "@oxc-parser/binding-linux-arm64-gnu": ["@oxc-parser/binding-linux-arm64-gnu@0.99.0", "", { "os": "linux", "cpu": "arm64" }, "sha512-u26I6LKoLTPTd4Fcpr0aoAtjnGf5/ulMllo+QUiBhupgbVCAlaj4RyXH/mvcjcsl2bVBv9E/gYJZz2JjxQWXBA=="],

    "@oxc-parser/binding-linux-arm64-musl": ["@oxc-parser/binding-linux-arm64-musl@0.99.0", "", { "os": "linux", "cpu": "arm64" }, "sha512-qhftDo2D37SqCEl3ZTa367NqWSZNb1Ddp34CTmShLKFrnKdNiUn55RdokLnHtf1AL5ssaQlYDwBECX7XiBWOhw=="],

    "@oxc-parser/binding-linux-riscv64-gnu": ["@oxc-parser/binding-linux-riscv64-gnu@0.99.0", "", { "os": "linux", "cpu": "none" }, "sha512-zxn/xkf519f12FKkpL5XwJipsylfSSnm36h6c1zBDTz4fbIDMGyIhHfWfwM7uUmHo9Aqw1pLxFpY39Etv398+Q=="],

    "@oxc-parser/binding-linux-s390x-gnu": ["@oxc-parser/binding-linux-s390x-gnu@0.99.0", "", { "os": "linux", "cpu": "s390x" }, "sha512-Y1eSDKDS5E4IVC7Oxw+NbYAKRmJPMJTIjW+9xOWwteDHkFqpocKe0USxog+Q1uhzalD9M0p9eXWEWdGQCMDBMQ=="],

    "@oxc-parser/binding-linux-x64-gnu": ["@oxc-parser/binding-linux-x64-gnu@0.99.0", "", { "os": "linux", "cpu": "x64" }, "sha512-YVJMfk5cFWB8i2/nIrbk6n15bFkMHqWnMIWkVx7r2KwpTxHyFMfu2IpeVKo1ITDSmt5nBrGdLHD36QRlu2nDLg=="],

    "@oxc-parser/binding-linux-x64-musl": ["@oxc-parser/binding-linux-x64-musl@0.99.0", "", { "os": "linux", "cpu": "x64" }, "sha512-2+SDPrie5f90A1b9EirtVggOgsqtsYU5raZwkDYKyS1uvJzjqHCDhG/f4TwQxHmIc5YkczdQfwvN91lwmjsKYQ=="],

    "@oxc-parser/binding-wasm32-wasi": ["@oxc-parser/binding-wasm32-wasi@0.99.0", "", { "dependencies": { "@napi-rs/wasm-runtime": "^1.0.7" }, "cpu": "none" }, "sha512-DKA4j0QerUWSMADziLM5sAyM7V53Fj95CV9SjP77bPfEfT7MnvFKnneaRMqPK1cpzjAGiQF52OBUIKyk0dwOQA=="],

    "@oxc-parser/binding-win32-arm64-msvc": ["@oxc-parser/binding-win32-arm64-msvc@0.99.0", "", { "os": "win32", "cpu": "arm64" }, "sha512-EaB3AvsxqdNUhh9FOoAxRZ2L4PCRwDlDb//QXItwyOJrX7XS+uGK9B1KEUV4FZ/7rDhHsWieLt5e07wl2Ti5AQ=="],

    "@oxc-parser/binding-win32-x64-msvc": ["@oxc-parser/binding-win32-x64-msvc@0.99.0", "", { "os": "win32", "cpu": "x64" }, "sha512-sJN1Q8h7ggFOyDn0zsHaXbP/MklAVUvhrbq0LA46Qum686P3SZQHjbATqJn9yaVEvaSKXCshgl0vQ1gWkGgpcQ=="],

    "@oxc-project/types": ["@oxc-project/types@0.99.0", "", {}, "sha512-LLDEhXB7g1m5J+woRSgfKsFPS3LhR9xRhTeIoEBm5WrkwMxn6eZ0Ld0c0K5eHB57ChZX6I3uSmmLjZ8pcjlRcw=="],

    "@prettier/plugin-oxc": ["@prettier/plugin-oxc@0.1.3", "", { "dependencies": { "oxc-parser": "0.99.0" } }, "sha512-aABz3zIRilpWMekbt1FL1JVBQrQLR8L4Td2SRctECrWSsXGTNn/G1BqNSKCdbvQS1LWstAXfqcXzDki7GAAJyg=="],

    "@tybys/wasm-util": ["@tybys/wasm-util@0.10.1", "", { "dependencies": { "tslib": "^2.4.0" } }, "sha512-9tTaPJLSiejZKx+Bmog4uSubteqTvFrVrURwkmHixBo0G4seD0zUxp98E1DzUBJxLQ3NPwXrGKDiVjwx/DpPsg=="],

    "@vue/reactivity": ["@vue/reactivity@3.1.5", "", { "dependencies": { "@vue/shared": "3.1.5" } }, "sha512-1tdfLmNjWG6t/CsPldh+foumYFo3cpyCHgBYQ34ylaMsJ+SNHQ1kApMIa8jN+i593zQuaw3AdWH0nJTARzCFhg=="],

    "@vue/shared": ["@vue/shared@3.1.5", "", {}, "sha512-oJ4F3TnvpXaQwZJNF3ZK+kLPHKarDmJjJ6jyzVNDKH9md1dptjC7lWR//jrGuLdek/U6iltWxqAnYOu8gCiOvA=="],

    "acorn": ["acorn@8.15.0", "", { "bin": { "acorn": "bin/acorn" } }, "sha512-NZyJarBfL7nWwIq+FDL6Zp/yHEhePMNnnJ0y3qfieCrmNvYct8uvtiV41UvlSe6apAfk0fY1FbWx+NwfmpvtTg=="],

    "alpinejs": ["alpinejs@3.15.4", "", { "dependencies": { "@vue/reactivity": "~3.1.1" } }, "sha512-lDpOdoVo0bhFjgl310k1qw3kbpUYwM/v0WByvAchsO93bl3o1rrgr0P/ssx3CimwEtNfXbmwKbtHbqTRCTTH9g=="],

    "confbox": ["confbox@0.2.2", "", {}, "sha512-1NB+BKqhtNipMsov4xI/NnhCKp9XG9NamYp5PVm9klAT0fsrNPjaFICsCFhNhwZJKNh7zB/3q8qXz0E9oaMNtQ=="],

    "exsolve": ["exsolve@1.0.7", "", {}, "sha512-VO5fQUzZtI6C+vx4w/4BWJpg3s/5l+6pRQEHzFRM8WFi4XffSP1Z+4qi7GbjWbvRQEbdIco5mIMq+zX4rPuLrw=="],

    "local-pkg": ["local-pkg@1.1.2", "", { "dependencies": { "mlly": "^1.7.4", "pkg-types": "^2.3.0", "quansync": "^0.2.11" } }, "sha512-arhlxbFRmoQHl33a0Zkle/YWlmNwoyt6QNZEIJcqNbdrsix5Lvc4HyyI3EnwxTYlZYc32EbYrQ8SzEZ7dqgg9A=="],

    "mlly": ["mlly@1.7.4", "", { "dependencies": { "acorn": "^8.14.0", "pathe": "^2.0.1", "pkg-types": "^1.3.0", "ufo": "^1.5.4" } }, "sha512-qmdSIPC4bDJXgZTCR7XosJiNKySV7O215tsPtDN9iEO/7q/76b/ijtgRu/+epFXSJhijtTCCGp3DWS549P3xKw=="],

    "oxc-parser": ["oxc-parser@0.99.0", "", { "dependencies": { "@oxc-project/types": "^0.99.0" }, "optionalDependencies": { "@oxc-parser/binding-android-arm64": "0.99.0", "@oxc-parser/binding-darwin-arm64": "0.99.0", "@oxc-parser/binding-darwin-x64": "0.99.0", "@oxc-parser/binding-freebsd-x64": "0.99.0", "@oxc-parser/binding-linux-arm-gnueabihf": "0.99.0", "@oxc-parser/binding-linux-arm-musleabihf": "0.99.0", "@oxc-parser/binding-linux-arm64-gnu": "0.99.0", "@oxc-parser/binding-linux-arm64-musl": "0.99.0", "@oxc-parser/binding-linux-riscv64-gnu": "0.99.0", "@oxc-parser/binding-linux-s390x-gnu": "0.99.0", "@oxc-parser/binding-linux-x64-gnu": "0.99.0", "@oxc-parser/binding-linux-x64-musl": "0.99.0", "@oxc-parser/binding-wasm32-wasi": "0.99.0", "@oxc-parser/binding-win32-arm64-msvc": "0.99.0", "@oxc-parser/binding-win32-x64-msvc": "0.99.0" } }, "sha512-MpS1lbd2vR0NZn1v0drpgu7RUFu3x9Rd0kxExObZc2+F+DIrV0BOMval/RO3BYGwssIOerII6iS8EbbpCCZQpQ=="],

    "package-manager-detector": ["package-manager-detector@1.3.0", "", {}, "sha512-ZsEbbZORsyHuO00lY1kV3/t72yp6Ysay6Pd17ZAlNGuGwmWDLCJxFpRs0IzfXfj1o4icJOkUEioexFHzyPurSQ=="],

    "pathe": ["pathe@2.0.3", "", {}, "sha512-WUjGcAqP1gQacoQe+OBJsFA7Ld4DyXuUIjZ5cc75cLHvJ7dtNsTugphxIADwspS+AraAUePCKrSVtPLFj/F88w=="],

    "picocolors": ["picocolors@1.1.1", "", {}, "sha512-xceH2snhtb5M9liqDsmEw56le376mTZkEX/jEb/RxNFyegNul7eNslCXP9FDj/Lcu0X8KEyMceP2ntpaHrDEVA=="],

    "pkg-types": ["pkg-types@2.3.0", "", { "dependencies": { "confbox": "^0.2.2", "exsolve": "^1.0.7", "pathe": "^2.0.3" } }, "sha512-SIqCzDRg0s9npO5XQ3tNZioRY1uK06lA41ynBC1YmFTmnY6FjUjVt6s4LoADmwoig1qqD0oK8h1p/8mlMx8Oig=="],

    "prettier": ["prettier@3.8.0", "", { "bin": { "prettier": "bin/prettier.cjs" } }, "sha512-yEPsovQfpxYfgWNhCfECjG5AQaO+K3dp6XERmOepyPDVqcJm+bjyCVO3pmU+nAPe0N5dDvekfGezt/EIiRe1TA=="],

    "quansync": ["quansync@0.2.11", "", {}, "sha512-AifT7QEbW9Nri4tAwR5M/uzpBuqfZf+zwaEM/QkzEjj7NBuFD2rBuy0K3dE+8wltbezDV7JMA0WfnCPYRSYbXA=="],

    "tinyexec": ["tinyexec@1.0.1", "", {}, "sha512-5uC6DDlmeqiOwCPmK9jMSdOuZTh8bU39Ys6yidB+UTt5hfZUPGAypSgFRiEp+jbi9qH40BLDvy85jIU88wKSqw=="],

    "tslib": ["tslib@2.8.1", "", {}, "sha512-oJFu94HQb+KVduSUQL7wnpmqnfmLsOA/nAh6b6EH0wCEoK0/mPeXU6c3wKDV83MkOuHPRHtSXKKU99IBazS/2w=="],

    "ufo": ["ufo@1.6.1", "", {}, "sha512-9a4/uxlTWJ4+a5i0ooc1rU7C7YOw3wT+UGqdeNNHWnOF9qcMBgLRS+4IYUqbczewFx4mLEig6gawh7X6mFlEkA=="],

    "mlly/pkg-types": ["pkg-types@1.3.1", "", { "dependencies": { "confbox": "^0.1.8", "mlly": "^1.7.4", "pathe": "^2.0.1" } }, "sha512-/Jm5M4RvtBFVkKWRu2BLUTNP8/M2a+UwuAX+ae4770q1qVGtfjG+WTCupoZixokjmHiry8uI+dlY8KXYV5HVVQ=="],

    "mlly/pkg-types/confbox": ["confbox@0.1.8", "", {}, "sha512-RMtmw0iFkeR4YV+fUOSucriAQNb9g8zFR52MWCtl+cCZOFRNL6zeB395vPzFhEjjn4fMxXudmELnl/KF/WrK6w=="],
  }
}
